// !$*UTF8*$!
{
	archiveVersion = 1;
	classes = {
	};
	objectVersion = 55;
	objects = {

/* Begin PBXBuildFile section */
		020B83B128630FD3003FD5B9 /* Utilities.swift in Sources */ = {isa = PBXBuildFile; fileRef = 020B83AF28630FD3003FD5B9 /* Utilities.swift */; };
		023B5E292862EE14004A30C4 /* ProfileViewController.swift in Sources */ = {isa = PBXBuildFile; fileRef = 023B5E282862EE14004A30C4 /* ProfileViewController.swift */; };
		026C33932862E942002E75CB /* AppDelegate.swift in Sources */ = {isa = PBXBuildFile; fileRef = 026C33922862E942002E75CB /* AppDelegate.swift */; };
		026C33952862E942002E75CB /* SceneDelegate.swift in Sources */ = {isa = PBXBuildFile; fileRef = 026C33942862E942002E75CB /* SceneDelegate.swift */; };
		026C33972862E942002E75CB /* ViewController.swift in Sources */ = {isa = PBXBuildFile; fileRef = 026C33962862E942002E75CB /* ViewController.swift */; };
		026C339A2862E942002E75CB /* Main.storyboard in Resources */ = {isa = PBXBuildFile; fileRef = 026C33982862E942002E75CB /* Main.storyboard */; };
		026C339D2862E942002E75CB /* SingularityBooking.xcdatamodeld in Sources */ = {isa = PBXBuildFile; fileRef = 026C339B2862E942002E75CB /* SingularityBooking.xcdatamodeld */; };
		026C339F2862E943002E75CB /* Assets.xcassets in Resources */ = {isa = PBXBuildFile; fileRef = 026C339E2862E943002E75CB /* Assets.xcassets */; };
		026C33A22862E943002E75CB /* LaunchScreen.storyboard in Resources */ = {isa = PBXBuildFile; fileRef = 026C33A02862E943002E75CB /* LaunchScreen.storyboard */; };
		026C33AA2862E993002E75CB /* SignUpViewController.swift in Sources */ = {isa = PBXBuildFile; fileRef = 026C33A92862E993002E75CB /* SignUpViewController.swift */; };
		026C33AC2862E9A1002E75CB /* LoginViewController.swift in Sources */ = {isa = PBXBuildFile; fileRef = 026C33AB2862E9A1002E75CB /* LoginViewController.swift */; };
		39DF772A286365A5008F9BED /* BookRoomViewController.swift in Sources */ = {isa = PBXBuildFile; fileRef = 39DF7729286365A5008F9BED /* BookRoomViewController.swift */; };
/* End PBXBuildFile section */

/* Begin PBXFileReference section */
		020B83AF28630FD3003FD5B9 /* Utilities.swift */ = {isa = PBXFileReference; fileEncoding = 4; lastKnownFileType = sourcecode.swift; path = Utilities.swift; sourceTree = "<group>"; };
		023B5E282862EE14004A30C4 /* ProfileViewController.swift */ = {isa = PBXFileReference; lastKnownFileType = sourcecode.swift; path = ProfileViewController.swift; sourceTree = "<group>"; };
		026C338F2862E942002E75CB /* SingularityBooking.app */ = {isa = PBXFileReference; explicitFileType = wrapper.application; includeInIndex = 0; path = SingularityBooking.app; sourceTree = BUILT_PRODUCTS_DIR; };
		026C33922862E942002E75CB /* AppDelegate.swift */ = {isa = PBXFileReference; lastKnownFileType = sourcecode.swift; path = AppDelegate.swift; sourceTree = "<group>"; };
		026C33942862E942002E75CB /* SceneDelegate.swift */ = {isa = PBXFileReference; lastKnownFileType = sourcecode.swift; path = SceneDelegate.swift; sourceTree = "<group>"; };
		026C33962862E942002E75CB /* ViewController.swift */ = {isa = PBXFileReference; lastKnownFileType = sourcecode.swift; path = ViewController.swift; sourceTree = "<group>"; };
		026C33992862E942002E75CB /* Base */ = {isa = PBXFileReference; lastKnownFileType = file.storyboard; name = Base; path = Base.lproj/Main.storyboard; sourceTree = "<group>"; };
		026C339C2862E942002E75CB /* SingularityBooking.xcdatamodel */ = {isa = PBXFileReference; lastKnownFileType = wrapper.xcdatamodel; path = SingularityBooking.xcdatamodel; sourceTree = "<group>"; };
		026C339E2862E943002E75CB /* Assets.xcassets */ = {isa = PBXFileReference; lastKnownFileType = folder.assetcatalog; path = Assets.xcassets; sourceTree = "<group>"; };
		026C33A12862E943002E75CB /* Base */ = {isa = PBXFileReference; lastKnownFileType = file.storyboard; name = Base; path = Base.lproj/LaunchScreen.storyboard; sourceTree = "<group>"; };
		026C33A32862E943002E75CB /* Info.plist */ = {isa = PBXFileReference; lastKnownFileType = text.plist.xml; path = Info.plist; sourceTree = "<group>"; };
		026C33A92862E993002E75CB /* SignUpViewController.swift */ = {isa = PBXFileReference; lastKnownFileType = sourcecode.swift; path = SignUpViewController.swift; sourceTree = "<group>"; };
		026C33AB2862E9A1002E75CB /* LoginViewController.swift */ = {isa = PBXFileReference; lastKnownFileType = sourcecode.swift; path = LoginViewController.swift; sourceTree = "<group>"; };
		39DF7729286365A5008F9BED /* BookRoomViewController.swift */ = {isa = PBXFileReference; lastKnownFileType = sourcecode.swift; path = BookRoomViewController.swift; sourceTree = "<group>"; };
/* End PBXFileReference section */

/* Begin PBXFrameworksBuildPhase section */
		026C338C2862E942002E75CB /* Frameworks */ = {
			isa = PBXFrameworksBuildPhase;
			buildActionMask = 2147483647;
			files = (
			);
			runOnlyForDeploymentPostprocessing = 0;
		};
/* End PBXFrameworksBuildPhase section */

/* Begin PBXGroup section */
		023B5E2C2862F244004A30C4 /* Helpers */ = {
			isa = PBXGroup;
			children = (
				020B83AF28630FD3003FD5B9 /* Utilities.swift */,
			);
			path = Helpers;
			sourceTree = "<group>";
		};
		026C33862862E942002E75CB = {
			isa = PBXGroup;
			children = (
				026C33912862E942002E75CB /* SingularityBooking */,
				026C33902862E942002E75CB /* Products */,
			);
			sourceTree = "<group>";
		};
		026C33902862E942002E75CB /* Products */ = {
			isa = PBXGroup;
			children = (
				026C338F2862E942002E75CB /* SingularityBooking.app */,
			);
			name = Products;
			sourceTree = "<group>";
		};
		026C33912862E942002E75CB /* SingularityBooking */ = {
			isa = PBXGroup;
			children = (
				023B5E2C2862F244004A30C4 /* Helpers */,
				026C33AD2862E9AF002E75CB /* Controllers */,
				026C33922862E942002E75CB /* AppDelegate.swift */,
				026C33942862E942002E75CB /* SceneDelegate.swift */,
				026C33982862E942002E75CB /* Main.storyboard */,
				026C339E2862E943002E75CB /* Assets.xcassets */,
				026C33A02862E943002E75CB /* LaunchScreen.storyboard */,
				026C33A32862E943002E75CB /* Info.plist */,
				026C339B2862E942002E75CB /* SingularityBooking.xcdatamodeld */,
			);
			path = SingularityBooking;
			sourceTree = "<group>";
		};
		026C33AD2862E9AF002E75CB /* Controllers */ = {
			isa = PBXGroup;
			children = (
				026C33962862E942002E75CB /* ViewController.swift */,
				026C33AB2862E9A1002E75CB /* LoginViewController.swift */,
				026C33A92862E993002E75CB /* SignUpViewController.swift */,
				023B5E282862EE14004A30C4 /* ProfileViewController.swift */,
				39DF7729286365A5008F9BED /* BookRoomViewController.swift */,
			);
			path = Controllers;
			sourceTree = "<group>";
		};
/* End PBXGroup section */

/* Begin PBXNativeTarget section */
		026C338E2862E942002E75CB /* SingularityBooking */ = {
			isa = PBXNativeTarget;
			buildConfigurationList = 026C33A62862E943002E75CB /* Build configuration list for PBXNativeTarget "SingularityBooking" */;
			buildPhases = (
				026C338B2862E942002E75CB /* Sources */,
				026C338C2862E942002E75CB /* Frameworks */,
				026C338D2862E942002E75CB /* Resources */,
			);
			buildRules = (
			);
			dependencies = (
			);
			name = SingularityBooking;
			productName = SingularityBooking;
			productReference = 026C338F2862E942002E75CB /* SingularityBooking.app */;
			productType = "com.apple.product-type.application";
		};
/* End PBXNativeTarget section */

/* Begin PBXProject section */
		026C33872862E942002E75CB /* Project object */ = {
			isa = PBXProject;
			attributes = {
				BuildIndependentTargetsInParallel = 1;
				LastSwiftUpdateCheck = 1330;
				LastUpgradeCheck = 1330;
				TargetAttributes = {
					026C338E2862E942002E75CB = {
						CreatedOnToolsVersion = 13.3.1;
					};
				};
			};
			buildConfigurationList = 026C338A2862E942002E75CB /* Build configuration list for PBXProject "SingularityBooking" */;
			compatibilityVersion = "Xcode 13.0";
			developmentRegion = en;
			hasScannedForEncodings = 0;
			knownRegions = (
				en,
				Base,
			);
			mainGroup = 026C33862862E942002E75CB;
			productRefGroup = 026C33902862E942002E75CB /* Products */;
			projectDirPath = "";
			projectRoot = "";
			targets = (
				026C338E2862E942002E75CB /* SingularityBooking */,
			);
		};
/* End PBXProject section */

/* Begin PBXResourcesBuildPhase section */
		026C338D2862E942002E75CB /* Resources */ = {
			isa = PBXResourcesBuildPhase;
			buildActionMask = 2147483647;
			files = (
				026C33A22862E943002E75CB /* LaunchScreen.storyboard in Resources */,
				026C339F2862E943002E75CB /* Assets.xcassets in Resources */,
				026C339A2862E942002E75CB /* Main.storyboard in Resources */,
			);
			runOnlyForDeploymentPostprocessing = 0;
		};
/* End PBXResourcesBuildPhase section */

/* Begin PBXSourcesBuildPhase section */
		026C338B2862E942002E75CB /* Sources */ = {
			isa = PBXSourcesBuildPhase;
			buildActionMask = 2147483647;
			files = (
				026C33AC2862E9A1002E75CB /* LoginViewController.swift in Sources */,
				026C33972862E942002E75CB /* ViewController.swift in Sources */,
				026C33932862E942002E75CB /* AppDelegate.swift in Sources */,
				026C33952862E942002E75CB /* SceneDelegate.swift in Sources */,
				39DF772A286365A5008F9BED /* BookRoomViewController.swift in Sources */,
				023B5E292862EE14004A30C4 /* ProfileViewController.swift in Sources */,
				026C339D2862E942002E75CB /* SingularityBooking.xcdatamodeld in Sources */,
				020B83B128630FD3003FD5B9 /* Utilities.swift in Sources */,
				026C33AA2862E993002E75CB /* SignUpViewController.swift in Sources */,
			);
			runOnlyForDeploymentPostprocessing = 0;
		};
/* End PBXSourcesBuildPhase section */

/* Begin PBXVariantGroup section */
		026C33982862E942002E75CB /* Main.storyboard */ = {
			isa = PBXVariantGroup;
			children = (
				026C33992862E942002E75CB /* Base */,
			);
			name = Main.storyboard;
			sourceTree = "<group>";
		};
		026C33A02862E943002E75CB /* LaunchScreen.storyboard */ = {
			isa = PBXVariantGroup;
			children = (
				026C33A12862E943002E75CB /* Base */,
			);
			name = LaunchScreen.storyboard;
			sourceTree = "<group>";
		};
/* End PBXVariantGroup section */

/* Begin XCBuildConfiguration section */
		026C33A42862E943002E75CB /* Debug */ = {
			isa = XCBuildConfiguration;
			buildSettings = {
				ALWAYS_SEARCH_USER_PATHS = NO;
				CLANG_ANALYZER_NONNULL = YES;
				CLANG_ANALYZER_NUMBER_OBJECT_CONVERSION = YES_AGGRESSIVE;
				CLANG_CXX_LANGUAGE_STANDARD = "gnu++17";
				CLANG_ENABLE_MODULES = YES;
				CLANG_ENABLE_OBJC_ARC = YES;
				CLANG_ENABLE_OBJC_WEAK = YES;
				CLANG_WARN_BLOCK_CAPTURE_AUTORELEASING = YES;
				CLANG_WARN_BOOL_CONVERSION = YES;
				CLANG_WARN_COMMA = YES;
				CLANG_WARN_CONSTANT_CONVERSION = YES;
				CLANG_WARN_DEPRECATED_OBJC_IMPLEMENTATIONS = YES;
				CLANG_WARN_DIRECT_OBJC_ISA_USAGE = YES_ERROR;
				CLANG_WARN_DOCUMENTATION_COMMENTS = YES;
				CLANG_WARN_EMPTY_BODY = YES;
				CLANG_WARN_ENUM_CONVERSION = YES;
				CLANG_WARN_INFINITE_RECURSION = YES;
				CLANG_WARN_INT_CONVERSION = YES;
				CLANG_WARN_NON_LITERAL_NULL_CONVERSION = YES;
				CLANG_WARN_OBJC_IMPLICIT_RETAIN_SELF = YES;
				CLANG_WARN_OBJC_LITERAL_CONVERSION = YES;
				CLANG_WARN_OBJC_ROOT_CLASS = YES_ERROR;
				CLANG_WARN_QUOTED_INCLUDE_IN_FRAMEWORK_HEADER = YES;
				CLANG_WARN_RANGE_LOOP_ANALYSIS = YES;
				CLANG_WARN_STRICT_PROTOTYPES = YES;
				CLANG_WARN_SUSPICIOUS_MOVE = YES;
				CLANG_WARN_UNGUARDED_AVAILABILITY = YES_AGGRESSIVE;
				CLANG_WARN_UNREACHABLE_CODE = YES;
				CLANG_WARN__DUPLICATE_METHOD_MATCH = YES;
				COPY_PHASE_STRIP = NO;
				DEBUG_INFORMATION_FORMAT = dwarf;
				ENABLE_STRICT_OBJC_MSGSEND = YES;
				ENABLE_TESTABILITY = YES;
				GCC_C_LANGUAGE_STANDARD = gnu11;
				GCC_DYNAMIC_NO_PIC = NO;
				GCC_NO_COMMON_BLOCKS = YES;
				GCC_OPTIMIZATION_LEVEL = 0;
				GCC_PREPROCESSOR_DEFINITIONS = (
					"DEBUG=1",
					"$(inherited)",
				);
				GCC_WARN_64_TO_32_BIT_CONVERSION = YES;
				GCC_WARN_ABOUT_RETURN_TYPE = YES_ERROR;
				GCC_WARN_UNDECLARED_SELECTOR = YES;
				GCC_WARN_UNINITIALIZED_AUTOS = YES_AGGRESSIVE;
				GCC_WARN_UNUSED_FUNCTION = YES;
				GCC_WARN_UNUSED_VARIABLE = YES;
				IPHONEOS_DEPLOYMENT_TARGET = 15.4;
				MTL_ENABLE_DEBUG_INFO = INCLUDE_SOURCE;
				MTL_FAST_MATH = YES;
				ONLY_ACTIVE_ARCH = YES;
				SDKROOT = iphoneos;
				SWIFT_ACTIVE_COMPILATION_CONDITIONS = DEBUG;
				SWIFT_OPTIMIZATION_LEVEL = "-Onone";
			};
			name = Debug;
		};
		026C33A52862E943002E75CB /* Release */ = {
			isa = XCBuildConfiguration;
			buildSettings = {
				ALWAYS_SEARCH_USER_PATHS = NO;
				CLANG_ANALYZER_NONNULL = YES;
				CLANG_ANALYZER_NUMBER_OBJECT_CONVERSION = YES_AGGRESSIVE;
				CLANG_CXX_LANGUAGE_STANDARD = "gnu++17";
				CLANG_ENABLE_MODULES = YES;
				CLANG_ENABLE_OBJC_ARC = YES;
				CLANG_ENABLE_OBJC_WEAK = YES;
				CLANG_WARN_BLOCK_CAPTURE_AUTORELEASING = YES;
				CLANG_WARN_BOOL_CONVERSION = YES;
				CLANG_WARN_COMMA = YES;
				CLANG_WARN_CONSTANT_CONVERSION = YES;
				CLANG_WARN_DEPRECATED_OBJC_IMPLEMENTATIONS = YES;
				CLANG_WARN_DIRECT_OBJC_ISA_USAGE = YES_ERROR;
				CLANG_WARN_DOCUMENTATION_COMMENTS = YES;
				CLANG_WARN_EMPTY_BODY = YES;
				CLANG_WARN_ENUM_CONVERSION = YES;
				CLANG_WARN_INFINITE_RECURSION = YES;
				CLANG_WARN_INT_CONVERSION = YES;
				CLANG_WARN_NON_LITERAL_NULL_CONVERSION = YES;
				CLANG_WARN_OBJC_IMPLICIT_RETAIN_SELF = YES;
				CLANG_WARN_OBJC_LITERAL_CONVERSION = YES;
				CLANG_WARN_OBJC_ROOT_CLASS = YES_ERROR;
				CLANG_WARN_QUOTED_INCLUDE_IN_FRAMEWORK_HEADER = YES;
				CLANG_WARN_RANGE_LOOP_ANALYSIS = YES;
				CLANG_WARN_STRICT_PROTOTYPES = YES;
				CLANG_WARN_SUSPICIOUS_MOVE = YES;
				CLANG_WARN_UNGUARDED_AVAILABILITY = YES_AGGRESSIVE;
				CLANG_WARN_UNREACHABLE_CODE = YES;
				CLANG_WARN__DUPLICATE_METHOD_MATCH = YES;
				COPY_PHASE_STRIP = NO;
				DEBUG_INFORMATION_FORMAT = "dwarf-with-dsym";
				ENABLE_NS_ASSERTIONS = NO;
				ENABLE_STRICT_OBJC_MSGSEND = YES;
				GCC_C_LANGUAGE_STANDARD = gnu11;
				GCC_NO_COMMON_BLOCKS = YES;
				GCC_WARN_64_TO_32_BIT_CONVERSION = YES;
				GCC_WARN_ABOUT_RETURN_TYPE = YES_ERROR;
				GCC_WARN_UNDECLARED_SELECTOR = YES;
				GCC_WARN_UNINITIALIZED_AUTOS = YES_AGGRESSIVE;
				GCC_WARN_UNUSED_FUNCTION = YES;
				GCC_WARN_UNUSED_VARIABLE = YES;
				IPHONEOS_DEPLOYMENT_TARGET = 15.4;
				MTL_ENABLE_DEBUG_INFO = NO;
				MTL_FAST_MATH = YES;
				SDKROOT = iphoneos;
				SWIFT_COMPILATION_MODE = wholemodule;
				SWIFT_OPTIMIZATION_LEVEL = "-O";
				VALIDATE_PRODUCT = YES;
			};
			name = Release;
		};
		026C33A72862E943002E75CB /* Debug */ = {
			isa = XCBuildConfiguration;
			buildSettings = {
				ASSETCATALOG_COMPILER_APPICON_NAME = AppIcon;
				ASSETCATALOG_COMPILER_GLOBAL_ACCENT_COLOR_NAME = AccentColor;
				CODE_SIGN_STYLE = Automatic;
				CURRENT_PROJECT_VERSION = 1;
				DEVELOPMENT_TEAM = PY25Q9RB98;
				GENERATE_INFOPLIST_FILE = YES;
				INFOPLIST_FILE = SingularityBooking/Info.plist;
				INFOPLIST_KEY_UIApplicationSupportsIndirectInputEvents = YES;
				INFOPLIST_KEY_UILaunchStoryboardName = LaunchScreen;
				INFOPLIST_KEY_UIMainStoryboardFile = Main;
				INFOPLIST_KEY_UISupportedInterfaceOrientations_iPad = "UIInterfaceOrientationPortrait UIInterfaceOrientationPortraitUpsideDown UIInterfaceOrientationLandscapeLeft UIInterfaceOrientationLandscapeRight";
				INFOPLIST_KEY_UISupportedInterfaceOrientations_iPhone = "UIInterfaceOrientationPortrait UIInterfaceOrientationLandscapeLeft UIInterfaceOrientationLandscapeRight";
				LD_RUNPATH_SEARCH_PATHS = (
					"$(inherited)",
					"@executable_path/Frameworks",
				);
				MARKETING_VERSION = 1.0;
				PRODUCT_BUNDLE_IDENTIFIER = jusan.SingularityBooking;
				PRODUCT_NAME = "$(TARGET_NAME)";
				SWIFT_EMIT_LOC_STRINGS = YES;
				SWIFT_VERSION = 5.0;
				TARGETED_DEVICE_FAMILY = "1,2";
			};
			name = Debug;
		};
		026C33A82862E943002E75CB /* Release */ = {
			isa = XCBuildConfiguration;
			buildSettings = {
				ASSETCATALOG_COMPILER_APPICON_NAME = AppIcon;
				ASSETCATALOG_COMPILER_GLOBAL_ACCENT_COLOR_NAME = AccentColor;
				CODE_SIGN_STYLE = Automatic;
				CURRENT_PROJECT_VERSION = 1;
				DEVELOPMENT_TEAM = PY25Q9RB98;
				GENERATE_INFOPLIST_FILE = YES;
				INFOPLIST_FILE = SingularityBooking/Info.plist;
				INFOPLIST_KEY_UIApplicationSupportsIndirectInputEvents = YES;
				INFOPLIST_KEY_UILaunchStoryboardName = LaunchScreen;
				INFOPLIST_KEY_UIMainStoryboardFile = Main;
				INFOPLIST_KEY_UISupportedInterfaceOrientations_iPad = "UIInterfaceOrientationPortrait UIInterfaceOrientationPortraitUpsideDown UIInterfaceOrientationLandscapeLeft UIInterfaceOrientationLandscapeRight";
				INFOPLIST_KEY_UISupportedInterfaceOrientations_iPhone = "UIInterfaceOrientationPortrait UIInterfaceOrientationLandscapeLeft UIInterfaceOrientationLandscapeRight";
				LD_RUNPATH_SEARCH_PATHS = (
					"$(inherited)",
					"@executable_path/Frameworks",
				);
				MARKETING_VERSION = 1.0;
				PRODUCT_BUNDLE_IDENTIFIER = jusan.SingularityBooking;
				PRODUCT_NAME = "$(TARGET_NAME)";
				SWIFT_EMIT_LOC_STRINGS = YES;
				SWIFT_VERSION = 5.0;
				TARGETED_DEVICE_FAMILY = "1,2";
			};
			name = Release;
		};
/* End XCBuildConfiguration section */

/* Begin XCConfigurationList section */
		026C338A2862E942002E75CB /* Build configuration list for PBXProject "SingularityBooking" */ = {
			isa = XCConfigurationList;
			buildConfigurations = (
				026C33A42862E943002E75CB /* Debug */,
				026C33A52862E943002E75CB /* Release */,
			);
			defaultConfigurationIsVisible = 0;
			defaultConfigurationName = Release;
		};
		026C33A62862E943002E75CB /* Build configuration list for PBXNativeTarget "SingularityBooking" */ = {
			isa = XCConfigurationList;
			buildConfigurations = (
				026C33A72862E943002E75CB /* Debug */,
				026C33A82862E943002E75CB /* Release */,
			);
			defaultConfigurationIsVisible = 0;
			defaultConfigurationName = Release;
		};
/* End XCConfigurationList section */

/* Begin XCVersionGroup section */
		026C339B2862E942002E75CB /* SingularityBooking.xcdatamodeld */ = {
			isa = XCVersionGroup;
			children = (
				026C339C2862E942002E75CB /* SingularityBooking.xcdatamodel */,
			);
			currentVersion = 026C339C2862E942002E75CB /* SingularityBooking.xcdatamodel */;
			path = SingularityBooking.xcdatamodeld;
			sourceTree = "<group>";
			versionGroupType = wrapper.xcdatamodel;
		};
/* End XCVersionGroup section */
	};
	rootObject = 026C33872862E942002E75CB /* Project object */;
}
